<?xml version="1.0" encoding="utf-8"?>
<Project ToolsVersion="4.0" xmlns="http://schemas.microsoft.com/developer/msbuild/2003">
  <ItemGroup>
    <Filter Include="src">
      <UniqueIdentifier>{4FC737F1-C7A5-4376-A066-2A32D752A2FF}</UniqueIdentifier>
      <Extensions>h;hh;hpp;hxx;hm;inl;inc;xsd;cpp;c;cc;cxx;def;odl;idl;hpj;bat;asm;asmx</Extensions>
    </Filter>
    <Filter Include="res">
      <UniqueIdentifier>{67DA6AB6-F800-4c08-8B7A-83BB121AAD01}</UniqueIdentifier>
      <Extensions>rc;ico;cur;bmp;dlg;rc2;rct;bin;rgs;gif;jpg;jpeg;jpe;resx;tiff;tif;png;wav;mfcribbon-ms</Extensions>
    </Filter>
    <Filter Include="src\TimaxStore">
      <UniqueIdentifier>{8fe730a2-113e-4029-90bb-276242f99607}</UniqueIdentifier>
    </Filter>
    <Filter Include="src\TimaxStore\fs">
      <UniqueIdentifier>{0cc30956-5aa0-4d7a-940f-f8b2dbf3b8c6}</UniqueIdentifier>
    </Filter>
  </ItemGroup>
  <ItemGroup>
    <ClCompile Include="..\..\..\src\TimaxStoreTest\TimaxStoreTest.cpp">
      <Filter>src</Filter>
    </ClCompile>
  </ItemGroup>
  <ItemGroup>
    <ClInclude Include="..\..\..\src\TimaxStore\TimaxFS.h">
      <Filter>src\TimaxStore</Filter>
    </ClInclude>
    <ClInclude Include="..\..\..\src\TimaxStore\TimaxStore.h">
      <Filter>src\TimaxStore</Filter>
    </ClInclude>
    <ClInclude Include="..\..\..\src\TimaxStore\std_ssize.h">
      <Filter>src\TimaxStore</Filter>
    </ClInclude>
    <ClInclude Include="..\..\..\src\TimaxStore\fs\FileSystem.h">
      <Filter>src\TimaxStore\fs</Filter>
    </ClInclude>
    <ClInclude Include="..\..\..\src\TimaxStore\fs\Initor.h">
      <Filter>src\TimaxStore\fs</Filter>
    </ClInclude>
    <ClInclude Include="..\..\..\src\TimaxStore\fs\MetaData.h">
      <Filter>src\TimaxStore\fs</Filter>
    </ClInclude>
    <ClInclude Include="..\..\..\src\TimaxStore\fs\SuperBlock.h">
      <Filter>src\TimaxStore\fs</Filter>
    </ClInclude>
    <ClInclude Include="..\..\..\src\TimaxStore\fs\BlockDevice.h">
      <Filter>src\TimaxStore\fs</Filter>
    </ClInclude>
  </ItemGroup>
</Project>